
Microsoft Visual Studio Solution File, Format Version 12.00
# Visual Studio Version 16
VisualStudioVersion = 16.0.30002.166
MinimumVisualStudioVersion = 10.0.40219.1
Project("{6989167D-11E4-40FE-8C1A-2192A86A7E90}") = "patankar_20200615", "patankar_20200615\patankar_20200615.vfproj", "{F6FDFC40-EDBA-43EE-88D0-179D431CF993}"
EndProject
Global
	GlobalSection(SolutionConfigurationPlatforms) = preSolution
		Debug|x86 = Debug|x86
		Release|x86 = Release|x86
	EndGlobalSection
	GlobalSection(ProjectConfigurationPlatforms) = postSolution
		{F6FDFC40-EDBA-43EE-88D0-179D431CF993}.Debug|x86.ActiveCfg = Debug|Win32
		{F6FDFC40-EDBA-43EE-88D0-179D431CF993}.Debug|x86.Build.0 = Debug|Win32
		{F6FDFC40-EDBA-43EE-88D0-179D431CF993}.Release|x86.ActiveCfg = Release|Win32
		{F6FDFC40-EDBA-43EE-88D0-179D431CF993}.Release|x86.Build.0 = Release|Win32
	EndGlobalSection
	GlobalSection(SolutionProperties) = preSolution
		HideSolutionNode = FALSE
	EndGlobalSection
	GlobalSection(ExtensibilityGlobals) = postSolution
		SolutionGuid = {29312853-78F3-4EB6-BDFB-598AB4FD653F}
	EndGlobalSection
EndGlobal
